
Microsoft Visual Studio Solution File, Format Version 12.00
Project("{FAE04EC0-301F-11D3-BF4B-00C04F79EFBC}") = "SleepPlease", "SleepPlease\SleepPlease.csproj", "{B359A3EC-B46C-4BF3-A80B-F57DA333B19A}"
EndProject
Global
	GlobalSection(SolutionConfigurationPlatforms) = preSolution
		Debug|Any CPU = Debug|Any CPU
		Release|Any CPU = Release|Any CPU
	EndGlobalSection
	GlobalSection(ProjectConfigurationPlatforms) = postSolution
		{B359A3EC-B46C-4BF3-A80B-F57DA333B19A}.Debug|Any CPU.ActiveCfg = Debug|Any CPU
		{B359A3EC-B46C-4BF3-A80B-F57DA333B19A}.Debug|Any CPU.Build.0 = Debug|Any CPU
		{B359A3EC-B46C-4BF3-A80B-F57DA333B19A}.Release|Any CPU.ActiveCfg = Release|Any CPU
		{B359A3EC-B46C-4BF3-A80B-F57DA333B19A}.Release|Any CPU.Build.0 = Release|Any CPU
	EndGlobalSection
EndGlobal
